
Microsoft Visual Studio Solution File, Format Version 12.00
Project("{FAE04EC0-301F-11D3-BF4B-00C04F79EFBC}") = "BlazorUserControl", "BlazorUserControl\BlazorUserControl.csproj", "{9678826D-5825-49C5-938D-44A9F848C6FF}"
EndProject
Global
	GlobalSection(SolutionConfigurationPlatforms) = preSolution
		Debug|Any CPU = Debug|Any CPU
		Release|Any CPU = Release|Any CPU
	EndGlobalSection
	GlobalSection(ProjectConfigurationPlatforms) = postSolution
		{9678826D-5825-49C5-938D-44A9F848C6FF}.Debug|Any CPU.ActiveCfg = Debug|Any CPU
		{9678826D-5825-49C5-938D-44A9F848C6FF}.Debug|Any CPU.Build.0 = Debug|Any CPU
		{9678826D-5825-49C5-938D-44A9F848C6FF}.Release|Any CPU.ActiveCfg = Release|Any CPU
		{9678826D-5825-49C5-938D-44A9F848C6FF}.Release|Any CPU.Build.0 = Release|Any CPU
	EndGlobalSection
EndGlobal
